{
  "name": "team-agents-cowork",
  "version": "0.8.4",
  "lockfileVersion": 3,
  "requires": true,
  "packages": {
    "": {
      "name": "team-agents-cowork",
      "version": "0.8.4",
      "license": "MIT",
      "bin": {
        "agent-protocol-init": "bin/agent-protocol-init",
        "agent-protocol-review": "bin/agent-protocol-review",
        "agent-protocol-uninstall": "bin/agent-protocol-uninstall.js",
        "team-agents-cowork": "bin/team-agents-cowork.js"
      }
    }
  }
}
